
Microsoft Visual Studio Solution File, Format Version 12.00
# Visual Studio Version 17
VisualStudioVersion = 17.14.36414.22 d17.14
MinimumVisualStudioVersion = 10.0.40219.1
Project("{8BC9CEB8-8B4A-11D0-8D11-00A0C91BC942}") = "ProcessPcTool", "ProcessPcTool\ProcessPcTool.vcxproj", "{644EC9EA-9FA4-457D-9BA4-E19A293AD054}"
EndProject
Global
	GlobalSection(SolutionConfigurationPlatforms) = preSolution
		Debug|x64 = Debug|x64
		Debug|x86 = Debug|x86
		Release|x64 = Release|x64
		Release|x86 = Release|x86
	EndGlobalSection
	GlobalSection(ProjectConfigurationPlatforms) = postSolution
		{644EC9EA-9FA4-457D-9BA4-E19A293AD054}.Debug|x64.ActiveCfg = Debug|x64
		{644EC9EA-9FA4-457D-9BA4-E19A293AD054}.Debug|x64.Build.0 = Debug|x64
		{644EC9EA-9FA4-457D-9BA4-E19A293AD054}.Debug|x86.ActiveCfg = Debug|Win32
		{644EC9EA-9FA4-457D-9BA4-E19A293AD054}.Debug|x86.Build.0 = Debug|Win32
		{644EC9EA-9FA4-457D-9BA4-E19A293AD054}.Release|x64.ActiveCfg = Release|x64
		{644EC9EA-9FA4-457D-9BA4-E19A293AD054}.Release|x64.Build.0 = Release|x64
		{644EC9EA-9FA4-457D-9BA4-E19A293AD054}.Release|x86.ActiveCfg = Release|Win32
		{644EC9EA-9FA4-457D-9BA4-E19A293AD054}.Release|x86.Build.0 = Release|Win32
	EndGlobalSection
	GlobalSection(SolutionProperties) = preSolution
		HideSolutionNode = FALSE
	EndGlobalSection
	GlobalSection(ExtensibilityGlobals) = postSolution
		SolutionGuid = {EF1198FB-FE72-4505-BE2D-547AE4858D82}
	EndGlobalSection
EndGlobal
